
Microsoft Visual Studio Solution File, Format Version 11.00
# Visual Studio 2010
Project("{8BC9CEB8-8B4A-11D0-8D11-00A0C91BC942}") = "Recondo", "Recondo\Recondo.vcxproj", "{28FDBD9A-F77A-49A4-8425-7362E5C1C48A}"
EndProject
Project("{8BC9CEB8-8B4A-11D0-8D11-00A0C91BC942}") = "Recondo.Tests", "Recondo.Tests\Recondo.Tests.vcxproj", "{D2044AAE-12FE-49E7-A9C7-5A0FE8780038}"
EndProject
Global
	GlobalSection(SolutionConfigurationPlatforms) = preSolution
		Debug|Win32 = Debug|Win32
		Release|Win32 = Release|Win32
	EndGlobalSection
	GlobalSection(ProjectConfigurationPlatforms) = postSolution
		{28FDBD9A-F77A-49A4-8425-7362E5C1C48A}.Debug|Win32.ActiveCfg = Debug|Win32
		{28FDBD9A-F77A-49A4-8425-7362E5C1C48A}.Debug|Win32.Build.0 = Debug|Win32
		{28FDBD9A-F77A-49A4-8425-7362E5C1C48A}.Release|Win32.ActiveCfg = Release|Win32
		{28FDBD9A-F77A-49A4-8425-7362E5C1C48A}.Release|Win32.Build.0 = Release|Win32
		{D2044AAE-12FE-49E7-A9C7-5A0FE8780038}.Debug|Win32.ActiveCfg = Debug|Win32
		{D2044AAE-12FE-49E7-A9C7-5A0FE8780038}.Debug|Win32.Build.0 = Debug|Win32
		{D2044AAE-12FE-49E7-A9C7-5A0FE8780038}.Release|Win32.ActiveCfg = Release|Win32
		{D2044AAE-12FE-49E7-A9C7-5A0FE8780038}.Release|Win32.Build.0 = Release|Win32
	EndGlobalSection
	GlobalSection(SolutionProperties) = preSolution
		HideSolutionNode = FALSE
	EndGlobalSection
EndGlobal
